github.com/gethinode/mod-utils/v4 v4.3.0 h1:PtyHMzQyvjHBtoYPlxkuG9xLABsGOelQKlNIl2CZcSc=
github.com/gethinode/mod-utils/v4 v4.3.0/go.mod h1:bYmvRdAo4ICy5MpSGafDvO4p5bTDpsDKFCPL3bH0mN4=
github.com/gethinode/mod-utils/v4 v4.4.0 h1:IhhJDLqXCdYvrjM6kUR10wlg0kyZrY94f7EuGMj8NN0=
github.com/gethinode/mod-utils/v4 v4.4.0/go.mod h1:bYmvRdAo4ICy5MpSGafDvO4p5bTDpsDKFCPL3bH0mN4=
